# This file was autogenerated by Stack.
# You should not edit this file by hand.
# For more information, please see the documentation at:
#   https://docs.haskellstack.org/en/stable/lock_files

packages: []
snapshots:
- completed:
    size: 498365
    url: https://raw.githubusercontent.com/commercialhaskell/stackage-snapshots/master/lts/13/18.yaml
    sha256: c813b03544da8a9053b722f00f3f9a0aade23443130ac7160fefa89e01f5fb17
  original: lts-13.18
